
Microsoft Visual Studio Solution File, Format Version 12.00
# Visual Studio Version 17
VisualStudioVersion = 17.14.36202.13
MinimumVisualStudioVersion = 10.0.40219.1
Project("{F184B08F-C81C-45F6-A57F-5ABD9991F28F}") = "Tangerine Project", "Clementine Project\Tangerine Project.vbproj", "{111A1F21-935C-45E2-B456-86002DD6A8C8}"
EndProject
Global
	GlobalSection(SolutionConfigurationPlatforms) = preSolution
		Debug|Any CPU = Debug|Any CPU
		Release|Any CPU = Release|Any CPU
	EndGlobalSection
	GlobalSection(ProjectConfigurationPlatforms) = postSolution
		{111A1F21-935C-45E2-B456-86002DD6A8C8}.Debug|Any CPU.ActiveCfg = Debug|Any CPU
		{111A1F21-935C-45E2-B456-86002DD6A8C8}.Debug|Any CPU.Build.0 = Debug|Any CPU
		{111A1F21-935C-45E2-B456-86002DD6A8C8}.Release|Any CPU.ActiveCfg = Release|Any CPU
		{111A1F21-935C-45E2-B456-86002DD6A8C8}.Release|Any CPU.Build.0 = Release|Any CPU
	EndGlobalSection
	GlobalSection(SolutionProperties) = preSolution
		HideSolutionNode = FALSE
	EndGlobalSection
	GlobalSection(ExtensibilityGlobals) = postSolution
		SolutionGuid = {6A9AE4A5-8706-47E3-81A0-238A359BAF75}
	EndGlobalSection
EndGlobal
